
Microsoft Visual Studio Solution File, Format Version 12.00
# Visual Studio Version 17
VisualStudioVersion = 17.4.33205.214
MinimumVisualStudioVersion = 10.0.40219.1
Project("{9A19103F-16F7-4668-BE54-9A1E7A4F7556}") = "PersonalFinanceAccounting.Library", "PersonalFinanceAccounting.Library\PersonalFinanceAccounting.Library.csproj", "{8CCC3287-2147-435F-8320-D4392C8075B4}"
EndProject
Global
	GlobalSection(SolutionConfigurationPlatforms) = preSolution
		Debug|Any CPU = Debug|Any CPU
		Release|Any CPU = Release|Any CPU
	EndGlobalSection
	GlobalSection(ProjectConfigurationPlatforms) = postSolution
		{8CCC3287-2147-435F-8320-D4392C8075B4}.Debug|Any CPU.ActiveCfg = Debug|Any CPU
		{8CCC3287-2147-435F-8320-D4392C8075B4}.Release|Any CPU.ActiveCfg = Release|Any CPU
		{8CCC3287-2147-435F-8320-D4392C8075B4}.Release|Any CPU.Build.0 = Release|Any CPU
	EndGlobalSection
	GlobalSection(SolutionProperties) = preSolution
		HideSolutionNode = FALSE
	EndGlobalSection
	GlobalSection(ExtensibilityGlobals) = postSolution
		SolutionGuid = {3843C28B-A4C4-4D47-8379-4E16446FC37F}
	EndGlobalSection
EndGlobal
