
Microsoft Visual Studio Solution File, Format Version 12.00
Project("{FAE04EC0-301F-11D3-BF4B-00C04F79EFBC}") = "PersonalFinanceAccounting.Library", "PersonalFinanceAccounting.Library\PersonalFinanceAccounting.Library.csproj", "{8CCC3287-2147-435F-8320-D4392C8075B4}"
EndProject
Global
	GlobalSection(SolutionConfigurationPlatforms) = preSolution
		Debug|Any CPU = Debug|Any CPU
		Release|Any CPU = Release|Any CPU
	EndGlobalSection
	GlobalSection(ProjectConfigurationPlatforms) = postSolution
		{8CCC3287-2147-435F-8320-D4392C8075B4}.Debug|Any CPU.ActiveCfg = Debug|Any CPU
		{8CCC3287-2147-435F-8320-D4392C8075B4}.Debug|Any CPU.Build.0 = Debug|Any CPU
		{8CCC3287-2147-435F-8320-D4392C8075B4}.Release|Any CPU.ActiveCfg = Release|Any CPU
		{8CCC3287-2147-435F-8320-D4392C8075B4}.Release|Any CPU.Build.0 = Release|Any CPU
	EndGlobalSection
EndGlobal
